
Microsoft Visual Studio Solution File, Format Version 12.00
Project("{FAE04EC0-301F-11D3-BF4B-00C04F79EFBC}") = "Host", "Host\Host.csproj", "{6045A168-71C8-4DD8-9C71-E965D996BCE9}"
EndProject
Project("{FAE04EC0-301F-11D3-BF4B-00C04F79EFBC}") = "BaseUserManagement.Api", "BaseUserManagement.Api\BaseUserManagement.Api.csproj", "{A077BD92-A9A8-42F2-A477-41A0C411D069}"
EndProject
Global
	GlobalSection(SolutionConfigurationPlatforms) = preSolution
		Debug|Any CPU = Debug|Any CPU
		Release|Any CPU = Release|Any CPU
	EndGlobalSection
	GlobalSection(ProjectConfigurationPlatforms) = postSolution
		{6045A168-71C8-4DD8-9C71-E965D996BCE9}.Debug|Any CPU.ActiveCfg = Debug|Any CPU
		{6045A168-71C8-4DD8-9C71-E965D996BCE9}.Debug|Any CPU.Build.0 = Debug|Any CPU
		{6045A168-71C8-4DD8-9C71-E965D996BCE9}.Release|Any CPU.ActiveCfg = Release|Any CPU
		{6045A168-71C8-4DD8-9C71-E965D996BCE9}.Release|Any CPU.Build.0 = Release|Any CPU
		{A077BD92-A9A8-42F2-A477-41A0C411D069}.Debug|Any CPU.ActiveCfg = Debug|Any CPU
		{A077BD92-A9A8-42F2-A477-41A0C411D069}.Debug|Any CPU.Build.0 = Debug|Any CPU
		{A077BD92-A9A8-42F2-A477-41A0C411D069}.Release|Any CPU.ActiveCfg = Release|Any CPU
		{A077BD92-A9A8-42F2-A477-41A0C411D069}.Release|Any CPU.Build.0 = Release|Any CPU
	EndGlobalSection
EndGlobal
